lockfileVersion: '9.0'

settings:
  autoInstallPeers: true
  excludeLinksFromLockfile: false

importers:

  .:
    dependencies:
      '@emnapi/wasi-threads':
        specifier: latest
        version: 1.2.1
      '@tybys/wasm-util':
        specifier: latest
        version: 0.10.2
      binaryen:
        specifier: ^129.0.0
        version: 129.0.0

packages:

  '@emnapi/wasi-threads@1.2.1':
    resolution: {integrity: sha512-uTII7OYF+/Mes/MrcIOYp5yOtSMLBWSIoLPpcgwipoiKbli6k322tcoFsxoIIxPDqW01SQGAgko4EzZi2BNv2w==}

  '@tybys/wasm-util@0.10.2':
    resolution: {integrity: sha512-RoBvJ2X0wuKlWFIjrwffGw1IqZHKQqzIchKaadZZfnNpsAYp2mM0h36JtPCjNDAHGgYez/15uMBpfGwchhiMgg==}

  binaryen@129.0.0:
    resolution: {integrity: sha512-NyF5J0SfRoLDthpPh36FGTycOEv3Eqnkq3+mP5Cqt6iD9BLGGJMEVuPzu81nhLy2MMpPKmRTM9VLZihfyRQv8A==}
    hasBin: true

  tslib@2.8.1:
    resolution: {integrity: sha512-oJFu94HQb+KVduSUQL7wnpmqnfmLsOA/nAh6b6EH0wCEoK0/mPeXU6c3wKDV83MkOuHPRHtSXKKU99IBazS/2w==}

snapshots:

  '@emnapi/wasi-threads@1.2.1':
    dependencies:
      tslib: 2.8.1

  '@tybys/wasm-util@0.10.2':
    dependencies:
      tslib: 2.8.1

  binaryen@129.0.0: {}

  tslib@2.8.1: {}
